NeoBundleLock vim-fugitive 2c8461db084d205903a792a23163faa546f143c9
NeoBundleLock molokai db8ce13b3737d3ddea8368498183d7c204a762eb
NeoBundleLock unite.vim 22e1307fb6664192d3a6f526291282b8368438ed
NeoBundleLock neosnippet 811176b29b1a60a164c9878f8dcbe4a680ee32e5
NeoBundleLock neobundle.vim a78bf2cc131667b98751e6e10d970b73ecaabcda
NeoBundleLock neocomplete f42df22b24f9708eb5cd9728cc604a7388a94c94
NeoBundleLock syntastic 67ffe58818930e95163ead541a2700cec41c13f7
NeoBundleLock vim-autoclose a9a3b7384657bc1f60a963fd6c08c63fc48d61c3
NeoBundleLock vimacs 45986a7c16f09590870a9bdb0c41feaf4dd6e7bc
NeoBundleLock neosnippet-snippets 74d7ebcb10f2e4035b7adedd36019d4e238827c1
NeoBundleLock nerdtree 3b98a7fcae8f9fff356907171f0406ff8cd28921
